
Microsoft Visual Studio Solution File, Format Version 12.00
# Visual Studio Version 16
VisualStudioVersion = 16.0.29521.150
MinimumVisualStudioVersion = 10.0.40219.1
Project("{8BC9CEB8-8B4A-11D0-8D11-00A0C91BC942}") = "GPUSHA1Teamspeak", "GPUSHA1Teamspeak.vcxproj", "{DB1ECF2E-4DE1-45A6-BF93-0CB419413BAE}"
EndProject
Global
	GlobalSection(SolutionConfigurationPlatforms) = preSolution
		Debug|x64 = Debug|x64
		Debug|x86 = Debug|x86
		Release|x64 = Release|x64
		Release|x86 = Release|x86
	EndGlobalSection
	GlobalSection(ProjectConfigurationPlatforms) = postSolution
		{DB1ECF2E-4DE1-45A6-BF93-0CB419413BAE}.Debug|x64.ActiveCfg = Debug|x64
		{DB1ECF2E-4DE1-45A6-BF93-0CB419413BAE}.Debug|x64.Build.0 = Debug|x64
		{DB1ECF2E-4DE1-45A6-BF93-0CB419413BAE}.Debug|x86.ActiveCfg = Debug|Win32
		{DB1ECF2E-4DE1-45A6-BF93-0CB419413BAE}.Debug|x86.Build.0 = Debug|Win32
		{DB1ECF2E-4DE1-45A6-BF93-0CB419413BAE}.Release|x64.ActiveCfg = Release|x64
		{DB1ECF2E-4DE1-45A6-BF93-0CB419413BAE}.Release|x64.Build.0 = Release|x64
		{DB1ECF2E-4DE1-45A6-BF93-0CB419413BAE}.Release|x86.ActiveCfg = Release|Win32
		{DB1ECF2E-4DE1-45A6-BF93-0CB419413BAE}.Release|x86.Build.0 = Release|Win32
	EndGlobalSection
	GlobalSection(SolutionProperties) = preSolution
		HideSolutionNode = FALSE
	EndGlobalSection
	GlobalSection(ExtensibilityGlobals) = postSolution
		SolutionGuid = {639F0BF3-4EA5-4FC6-ACA9-D55501420F8C}
	EndGlobalSection
EndGlobal
